
Microsoft Visual Studio Solution File, Format Version 12.00
# Visual Studio 2012
Project("{FAE04EC0-301F-11D3-BF4B-00C04F79EFBC}") = "CS322Final", "CS322Final\CS322Final.csproj", "{13880452-23B3-4F5E-8F87-1E63F8D14D0D}"
EndProject
Global
	GlobalSection(SolutionConfigurationPlatforms) = preSolution
		Debug|Any CPU = Debug|Any CPU
		Release|Any CPU = Release|Any CPU
	EndGlobalSection
	GlobalSection(ProjectConfigurationPlatforms) = postSolution
		{13880452-23B3-4F5E-8F87-1E63F8D14D0D}.Debug|Any CPU.ActiveCfg = Debug|Any CPU
		{13880452-23B3-4F5E-8F87-1E63F8D14D0D}.Debug|Any CPU.Build.0 = Debug|Any CPU
		{13880452-23B3-4F5E-8F87-1E63F8D14D0D}.Release|Any CPU.ActiveCfg = Release|Any CPU
		{13880452-23B3-4F5E-8F87-1E63F8D14D0D}.Release|Any CPU.Build.0 = Release|Any CPU
	EndGlobalSection
	GlobalSection(SolutionProperties) = preSolution
		HideSolutionNode = FALSE
	EndGlobalSection
EndGlobal
